
Microsoft Visual Studio Solution File, Format Version 12.00
# Visual Studio Version 16
VisualStudioVersion = 16.0.29911.84
MinimumVisualStudioVersion = 10.0.40219.1
Project("{FAE04EC0-301F-11D3-BF4B-00C04F79EFBC}") = "RaioCircunferenciaVolumePI", "RaioCircunferenciaVolumePI\RaioCircunferenciaVolumePI.csproj", "{AD89E09B-3709-46D1-821B-7CC897CE3B15}"
EndProject
Project("{FAE04EC0-301F-11D3-BF4B-00C04F79EFBC}") = "AdicionaRemoveProduto", "AdicionaRemoveProduto\AdicionaRemoveProduto.csproj", "{FC0E69ED-3251-46C8-A8BC-98041BA6FB59}"
EndProject
Project("{FAE04EC0-301F-11D3-BF4B-00C04F79EFBC}") = "ContaBancaria", "ContaBancaria\ContaBancaria.csproj", "{61E0AE45-C528-4CD1-B5CE-02735B054BED}"
EndProject
Project("{FAE04EC0-301F-11D3-BF4B-00C04F79EFBC}") = "Vetores", "Vetoes\Vetores.csproj", "{37C45AA4-AE19-4CFC-B168-E05F70220ABF}"
EndProject
Project("{FAE04EC0-301F-11D3-BF4B-00C04F79EFBC}") = "HowManyRooms", "HowManyRooms\HowManyRooms.csproj", "{05FF805E-BF04-4522-B9F9-941FC41EBBAA}"
EndProject
Global
	GlobalSection(SolutionConfigurationPlatforms) = preSolution
		Debug|Any CPU = Debug|Any CPU
		Release|Any CPU = Release|Any CPU
	EndGlobalSection
	GlobalSection(ProjectConfigurationPlatforms) = postSolution
		{AD89E09B-3709-46D1-821B-7CC897CE3B15}.Debug|Any CPU.ActiveCfg = Debug|Any CPU
		{AD89E09B-3709-46D1-821B-7CC897CE3B15}.Debug|Any CPU.Build.0 = Debug|Any CPU
		{AD89E09B-3709-46D1-821B-7CC897CE3B15}.Release|Any CPU.ActiveCfg = Release|Any CPU
		{AD89E09B-3709-46D1-821B-7CC897CE3B15}.Release|Any CPU.Build.0 = Release|Any CPU
		{FC0E69ED-3251-46C8-A8BC-98041BA6FB59}.Debug|Any CPU.ActiveCfg = Debug|Any CPU
		{FC0E69ED-3251-46C8-A8BC-98041BA6FB59}.Debug|Any CPU.Build.0 = Debug|Any CPU
		{FC0E69ED-3251-46C8-A8BC-98041BA6FB59}.Release|Any CPU.ActiveCfg = Release|Any CPU
		{FC0E69ED-3251-46C8-A8BC-98041BA6FB59}.Release|Any CPU.Build.0 = Release|Any CPU
		{61E0AE45-C528-4CD1-B5CE-02735B054BED}.Debug|Any CPU.ActiveCfg = Debug|Any CPU
		{61E0AE45-C528-4CD1-B5CE-02735B054BED}.Debug|Any CPU.Build.0 = Debug|Any CPU
		{61E0AE45-C528-4CD1-B5CE-02735B054BED}.Release|Any CPU.ActiveCfg = Release|Any CPU
		{61E0AE45-C528-4CD1-B5CE-02735B054BED}.Release|Any CPU.Build.0 = Release|Any CPU
		{37C45AA4-AE19-4CFC-B168-E05F70220ABF}.Debug|Any CPU.ActiveCfg = Debug|Any CPU
		{37C45AA4-AE19-4CFC-B168-E05F70220ABF}.Debug|Any CPU.Build.0 = Debug|Any CPU
		{37C45AA4-AE19-4CFC-B168-E05F70220ABF}.Release|Any CPU.ActiveCfg = Release|Any CPU
		{37C45AA4-AE19-4CFC-B168-E05F70220ABF}.Release|Any CPU.Build.0 = Release|Any CPU
		{05FF805E-BF04-4522-B9F9-941FC41EBBAA}.Debug|Any CPU.ActiveCfg = Debug|Any CPU
		{05FF805E-BF04-4522-B9F9-941FC41EBBAA}.Debug|Any CPU.Build.0 = Debug|Any CPU
		{05FF805E-BF04-4522-B9F9-941FC41EBBAA}.Release|Any CPU.ActiveCfg = Release|Any CPU
		{05FF805E-BF04-4522-B9F9-941FC41EBBAA}.Release|Any CPU.Build.0 = Release|Any CPU
	EndGlobalSection
	GlobalSection(SolutionProperties) = preSolution
		HideSolutionNode = FALSE
	EndGlobalSection
	GlobalSection(ExtensibilityGlobals) = postSolution
		SolutionGuid = {3CA9CC1B-4116-458B-98F1-F038879ECDC2}
	EndGlobalSection
EndGlobal
