
Microsoft Visual Studio Solution File, Format Version 12.00
# Visual Studio Version 16
VisualStudioVersion = 16.0.29911.84
MinimumVisualStudioVersion = 10.0.40219.1
Project("{FAE04EC0-301F-11D3-BF4B-00C04F79EFBC}") = "RaioCircunferenciaVolumePI", "RaioCircunferenciaVolumePI\RaioCircunferenciaVolumePI.csproj", "{AD89E09B-3709-46D1-821B-7CC897CE3B15}"
EndProject
Project("{FAE04EC0-301F-11D3-BF4B-00C04F79EFBC}") = "AdicionaRemoveProduto", "AdicionaRemoveProduto\AdicionaRemoveProduto.csproj", "{FC0E69ED-3251-46C8-A8BC-98041BA6FB59}"
EndProject
Project("{FAE04EC0-301F-11D3-BF4B-00C04F79EFBC}") = "ContaBancaria", "ContaBancaria\ContaBancaria.csproj", "{61E0AE45-C528-4CD1-B5CE-02735B054BED}"
EndProject
Project("{FAE04EC0-301F-11D3-BF4B-00C04F79EFBC}") = "Vetores", "Vetoes\Vetores.csproj", "{37C45AA4-AE19-4CFC-B168-E05F70220ABF}"
EndProject
Project("{FAE04EC0-301F-11D3-BF4B-00C04F79EFBC}") = "QuantosQuartos", "HowManyRooms\QuantosQuartos.csproj", "{05FF805E-BF04-4522-B9F9-941FC41EBBAA}"
EndProject
Project("{FAE04EC0-301F-11D3-BF4B-00C04F79EFBC}") = "LambdaExpressions", "LambdaExpressions\LambdaExpressions.csproj", "{A0C72362-A311-48C5-8CD6-1787843BFD2B}"
EndProject
Project("{FAE04EC0-301F-11D3-BF4B-00C04F79EFBC}") = "Matriz", "Matriz\Matriz.csproj", "{F2C31D87-7F1E-4BC0-B994-ABB29783740E}"
EndProject
Project("{FAE04EC0-301F-11D3-BF4B-00C04F79EFBC}") = "MatrizTwo", "MatrizTwo\MatrizTwo.csproj", "{D960F821-2084-4ABE-9D71-10F989C9B6F4}"
EndProject
Project("{FAE04EC0-301F-11D3-BF4B-00C04F79EFBC}") = "Enumeracao", "Enumeracao\Enumeracao.csproj", "{A2781D65-8C31-4E21-8809-19B8F38D0E87}"
EndProject
Project("{FAE04EC0-301F-11D3-BF4B-00C04F79EFBC}") = "TrabalhadorContrato", "TrabalhadorContrato\TrabalhadorContrato.csproj", "{C68439E5-1F17-4D14-8108-C076DEB81BF8}"
EndProject
Project("{FAE04EC0-301F-11D3-BF4B-00C04F79EFBC}") = "String-Builder", "String-Builder\String-Builder.csproj", "{1DCED874-5134-46B8-A096-7BB93BFD227B}"
EndProject
Project("{FAE04EC0-301F-11D3-BF4B-00C04F79EFBC}") = "EmployeeAndOutsourcedEmployee", "WorkerPrivateOutsourced\EmployeeAndOutsourcedEmployee.csproj", "{CF8E4272-0067-47B2-A06B-9D69AAF36C07}"
EndProject
Project("{FAE04EC0-301F-11D3-BF4B-00C04F79EFBC}") = "AbstractObjects", "AbstractObjects\AbstractObjects.csproj", "{40A50526-4626-4C6C-9E40-FB412430E376}"
EndProject
Project("{FAE04EC0-301F-11D3-BF4B-00C04F79EFBC}") = "TryCatch", "TryCatch\TryCatch.csproj", "{B3AC41DF-788A-4AC9-A616-9BABA8FB01DF}"
EndProject
Project("{FAE04EC0-301F-11D3-BF4B-00C04F79EFBC}") = "CustomExeption", "CustomExeption\CustomExeption.csproj", "{244B376E-3FFF-4C9E-BB37-8197DB7A6DD8}"
EndProject
Project("{FAE04EC0-301F-11D3-BF4B-00C04F79EFBC}") = "TreinaTudoXadrez", "TreinaTudoXadrez\TreinaTudoXadrez.csproj", "{20BFB93A-A8AE-474C-934D-CF5128633C07}"
EndProject
Project("{FAE04EC0-301F-11D3-BF4B-00C04F79EFBC}") = "IOExceptionFileFileInfo", "IOExceptionFileFileInfo\IOExceptionFileFileInfo.csproj", "{9ABB93D7-D14F-4726-B80A-82D0A8402228}"
EndProject
Project("{FAE04EC0-301F-11D3-BF4B-00C04F79EFBC}") = "FileStremStremReader", "FileStremStremReader\FileStremStremReader.csproj", "{2C68FA0C-139F-419F-8A16-AA021CE5D2A0}"
EndProject
Project("{FAE04EC0-301F-11D3-BF4B-00C04F79EFBC}") = "BlocoUsing", "BlocoUsing\BlocoUsing.csproj", "{5B7B2D6B-FB11-4B01-BCDF-E50E8BF7AE46}"
EndProject
Project("{FAE04EC0-301F-11D3-BF4B-00C04F79EFBC}") = "streamWriter", "StreamWriter\streamWriter.csproj", "{BE622C7A-4A81-4577-B7D1-F4CCA717641A}"
EndProject
Project("{FAE04EC0-301F-11D3-BF4B-00C04F79EFBC}") = "DirectoryAndDirectoryInfo", "DirectoryAndDirectoryInfo\DirectoryAndDirectoryInfo.csproj", "{52DAD470-0C3E-47AF-A9A1-129700EB2B55}"
EndProject
Project("{FAE04EC0-301F-11D3-BF4B-00C04F79EFBC}") = "TrabalhandoPath", "TrabalhandoPath\TrabalhandoPath.csproj", "{FA0102BE-D015-409E-8C86-016413142687}"
EndProject
Project("{FAE04EC0-301F-11D3-BF4B-00C04F79EFBC}") = "ExercicioSemInterface", "ExercicioSemInterface\ExercicioSemInterface.csproj", "{D580A9B5-EA68-4ADE-933E-04459AB88F71}"
EndProject
Project("{FAE04EC0-301F-11D3-BF4B-00C04F79EFBC}") = "ExercicioComInterface", "ExercicioComInterface\ExercicioComInterface.csproj", "{D1927D8B-4F0A-4692-93EB-9BC1AB056638}"
EndProject
Project("{FAE04EC0-301F-11D3-BF4B-00C04F79EFBC}") = "ProblemaDiamanteHerenca", "ProblemaDiamanteHerenca\ProblemaDiamanteHerenca.csproj", "{8C7E5A6B-9F96-4BF7-8F0E-D4FFA0ABA951}"
EndProject
Project("{FAE04EC0-301F-11D3-BF4B-00C04F79EFBC}") = "ComparableObjects", "ComparableObjects\ComparableObjects.csproj", "{429F0982-5D0B-452E-8E2C-480D4D67CB3D}"
EndProject
Project("{FAE04EC0-301F-11D3-BF4B-00C04F79EFBC}") = "GenericsPjr", "GenericsPjr\GenericsPjr.csproj", "{EE5D2439-C3EE-40FC-8654-288FF579D081}"
EndProject
Project("{FAE04EC0-301F-11D3-BF4B-00C04F79EFBC}") = "GenericsRestrictions", "GenericsRestrictions\GenericsRestrictions.csproj", "{F123F4B9-00D3-4818-AFEE-5100A9B6B462}"
EndProject
Project("{FAE04EC0-301F-11D3-BF4B-00C04F79EFBC}") = "HashSetAndSortedSet", "HashSetAndSortedSet\HashSetAndSortedSet.csproj", "{E96EB38E-B1DC-4865-8E8F-B9E4EB6924F9}"
EndProject
Project("{FAE04EC0-301F-11D3-BF4B-00C04F79EFBC}") = "HashComparison", "HashComparison\HashComparison.csproj", "{25C0A436-9E4C-413A-B126-065B31DCEE40}"
EndProject
Project("{FAE04EC0-301F-11D3-BF4B-00C04F79EFBC}") = "ExercicioConjuntos", "ExercicioConjuntos\ExercicioConjuntos.csproj", "{0B722B3A-9AFC-4F72-94D8-3C4599CB62A9}"
EndProject
Project("{FAE04EC0-301F-11D3-BF4B-00C04F79EFBC}") = "ExercicioMatriculaAlunos", "ExercicioMatriculaAlunos\ExercicioMatriculaAlunos.csproj", "{E98C4A05-F65D-4025-A371-4D479F602352}"
EndProject
Project("{FAE04EC0-301F-11D3-BF4B-00C04F79EFBC}") = "DemoDictionary", "DemoDictionary\DemoDictionary.csproj", "{993513F1-3D88-4CEF-95DA-79E60128CCE1}"
EndProject
Project("{FAE04EC0-301F-11D3-BF4B-00C04F79EFBC}") = "ExercicioDictionary", "ConsoleApp1\ExercicioDictionary.csproj", "{EF533693-F0B1-409A-9E73-5001A285F3B3}"
EndProject
Global
	GlobalSection(SolutionConfigurationPlatforms) = preSolution
		Debug|Any CPU = Debug|Any CPU
		Release|Any CPU = Release|Any CPU
	EndGlobalSection
	GlobalSection(ProjectConfigurationPlatforms) = postSolution
		{AD89E09B-3709-46D1-821B-7CC897CE3B15}.Debug|Any CPU.ActiveCfg = Debug|Any CPU
		{AD89E09B-3709-46D1-821B-7CC897CE3B15}.Debug|Any CPU.Build.0 = Debug|Any CPU
		{AD89E09B-3709-46D1-821B-7CC897CE3B15}.Release|Any CPU.ActiveCfg = Release|Any CPU
		{AD89E09B-3709-46D1-821B-7CC897CE3B15}.Release|Any CPU.Build.0 = Release|Any CPU
		{FC0E69ED-3251-46C8-A8BC-98041BA6FB59}.Debug|Any CPU.ActiveCfg = Debug|Any CPU
		{FC0E69ED-3251-46C8-A8BC-98041BA6FB59}.Debug|Any CPU.Build.0 = Debug|Any CPU
		{FC0E69ED-3251-46C8-A8BC-98041BA6FB59}.Release|Any CPU.ActiveCfg = Release|Any CPU
		{FC0E69ED-3251-46C8-A8BC-98041BA6FB59}.Release|Any CPU.Build.0 = Release|Any CPU
		{61E0AE45-C528-4CD1-B5CE-02735B054BED}.Debug|Any CPU.ActiveCfg = Debug|Any CPU
		{61E0AE45-C528-4CD1-B5CE-02735B054BED}.Debug|Any CPU.Build.0 = Debug|Any CPU
		{61E0AE45-C528-4CD1-B5CE-02735B054BED}.Release|Any CPU.ActiveCfg = Release|Any CPU
		{61E0AE45-C528-4CD1-B5CE-02735B054BED}.Release|Any CPU.Build.0 = Release|Any CPU
		{37C45AA4-AE19-4CFC-B168-E05F70220ABF}.Debug|Any CPU.ActiveCfg = Debug|Any CPU
		{37C45AA4-AE19-4CFC-B168-E05F70220ABF}.Debug|Any CPU.Build.0 = Debug|Any CPU
		{37C45AA4-AE19-4CFC-B168-E05F70220ABF}.Release|Any CPU.ActiveCfg = Release|Any CPU
		{37C45AA4-AE19-4CFC-B168-E05F70220ABF}.Release|Any CPU.Build.0 = Release|Any CPU
		{05FF805E-BF04-4522-B9F9-941FC41EBBAA}.Debug|Any CPU.ActiveCfg = Debug|Any CPU
		{05FF805E-BF04-4522-B9F9-941FC41EBBAA}.Debug|Any CPU.Build.0 = Debug|Any CPU
		{05FF805E-BF04-4522-B9F9-941FC41EBBAA}.Release|Any CPU.ActiveCfg = Release|Any CPU
		{05FF805E-BF04-4522-B9F9-941FC41EBBAA}.Release|Any CPU.Build.0 = Release|Any CPU
		{A0C72362-A311-48C5-8CD6-1787843BFD2B}.Debug|Any CPU.ActiveCfg = Debug|Any CPU
		{A0C72362-A311-48C5-8CD6-1787843BFD2B}.Debug|Any CPU.Build.0 = Debug|Any CPU
		{A0C72362-A311-48C5-8CD6-1787843BFD2B}.Release|Any CPU.ActiveCfg = Release|Any CPU
		{A0C72362-A311-48C5-8CD6-1787843BFD2B}.Release|Any CPU.Build.0 = Release|Any CPU
		{F2C31D87-7F1E-4BC0-B994-ABB29783740E}.Debug|Any CPU.ActiveCfg = Debug|Any CPU
		{F2C31D87-7F1E-4BC0-B994-ABB29783740E}.Debug|Any CPU.Build.0 = Debug|Any CPU
		{F2C31D87-7F1E-4BC0-B994-ABB29783740E}.Release|Any CPU.ActiveCfg = Release|Any CPU
		{F2C31D87-7F1E-4BC0-B994-ABB29783740E}.Release|Any CPU.Build.0 = Release|Any CPU
		{D960F821-2084-4ABE-9D71-10F989C9B6F4}.Debug|Any CPU.ActiveCfg = Debug|Any CPU
		{D960F821-2084-4ABE-9D71-10F989C9B6F4}.Debug|Any CPU.Build.0 = Debug|Any CPU
		{D960F821-2084-4ABE-9D71-10F989C9B6F4}.Release|Any CPU.ActiveCfg = Release|Any CPU
		{D960F821-2084-4ABE-9D71-10F989C9B6F4}.Release|Any CPU.Build.0 = Release|Any CPU
		{A2781D65-8C31-4E21-8809-19B8F38D0E87}.Debug|Any CPU.ActiveCfg = Debug|Any CPU
		{A2781D65-8C31-4E21-8809-19B8F38D0E87}.Debug|Any CPU.Build.0 = Debug|Any CPU
		{A2781D65-8C31-4E21-8809-19B8F38D0E87}.Release|Any CPU.ActiveCfg = Release|Any CPU
		{A2781D65-8C31-4E21-8809-19B8F38D0E87}.Release|Any CPU.Build.0 = Release|Any CPU
		{C68439E5-1F17-4D14-8108-C076DEB81BF8}.Debug|Any CPU.ActiveCfg = Debug|Any CPU
		{C68439E5-1F17-4D14-8108-C076DEB81BF8}.Debug|Any CPU.Build.0 = Debug|Any CPU
		{C68439E5-1F17-4D14-8108-C076DEB81BF8}.Release|Any CPU.ActiveCfg = Release|Any CPU
		{C68439E5-1F17-4D14-8108-C076DEB81BF8}.Release|Any CPU.Build.0 = Release|Any CPU
		{1DCED874-5134-46B8-A096-7BB93BFD227B}.Debug|Any CPU.ActiveCfg = Debug|Any CPU
		{1DCED874-5134-46B8-A096-7BB93BFD227B}.Debug|Any CPU.Build.0 = Debug|Any CPU
		{1DCED874-5134-46B8-A096-7BB93BFD227B}.Release|Any CPU.ActiveCfg = Release|Any CPU
		{1DCED874-5134-46B8-A096-7BB93BFD227B}.Release|Any CPU.Build.0 = Release|Any CPU
		{CF8E4272-0067-47B2-A06B-9D69AAF36C07}.Debug|Any CPU.ActiveCfg = Debug|Any CPU
		{CF8E4272-0067-47B2-A06B-9D69AAF36C07}.Debug|Any CPU.Build.0 = Debug|Any CPU
		{CF8E4272-0067-47B2-A06B-9D69AAF36C07}.Release|Any CPU.ActiveCfg = Release|Any CPU
		{CF8E4272-0067-47B2-A06B-9D69AAF36C07}.Release|Any CPU.Build.0 = Release|Any CPU
		{40A50526-4626-4C6C-9E40-FB412430E376}.Debug|Any CPU.ActiveCfg = Debug|Any CPU
		{40A50526-4626-4C6C-9E40-FB412430E376}.Debug|Any CPU.Build.0 = Debug|Any CPU
		{40A50526-4626-4C6C-9E40-FB412430E376}.Release|Any CPU.ActiveCfg = Release|Any CPU
		{40A50526-4626-4C6C-9E40-FB412430E376}.Release|Any CPU.Build.0 = Release|Any CPU
		{B3AC41DF-788A-4AC9-A616-9BABA8FB01DF}.Debug|Any CPU.ActiveCfg = Debug|Any CPU
		{B3AC41DF-788A-4AC9-A616-9BABA8FB01DF}.Debug|Any CPU.Build.0 = Debug|Any CPU
		{B3AC41DF-788A-4AC9-A616-9BABA8FB01DF}.Release|Any CPU.ActiveCfg = Release|Any CPU
		{B3AC41DF-788A-4AC9-A616-9BABA8FB01DF}.Release|Any CPU.Build.0 = Release|Any CPU
		{244B376E-3FFF-4C9E-BB37-8197DB7A6DD8}.Debug|Any CPU.ActiveCfg = Debug|Any CPU
		{244B376E-3FFF-4C9E-BB37-8197DB7A6DD8}.Debug|Any CPU.Build.0 = Debug|Any CPU
		{244B376E-3FFF-4C9E-BB37-8197DB7A6DD8}.Release|Any CPU.ActiveCfg = Release|Any CPU
		{244B376E-3FFF-4C9E-BB37-8197DB7A6DD8}.Release|Any CPU.Build.0 = Release|Any CPU
		{20BFB93A-A8AE-474C-934D-CF5128633C07}.Debug|Any CPU.ActiveCfg = Debug|Any CPU
		{20BFB93A-A8AE-474C-934D-CF5128633C07}.Debug|Any CPU.Build.0 = Debug|Any CPU
		{20BFB93A-A8AE-474C-934D-CF5128633C07}.Release|Any CPU.ActiveCfg = Release|Any CPU
		{20BFB93A-A8AE-474C-934D-CF5128633C07}.Release|Any CPU.Build.0 = Release|Any CPU
		{9ABB93D7-D14F-4726-B80A-82D0A8402228}.Debug|Any CPU.ActiveCfg = Debug|Any CPU
		{9ABB93D7-D14F-4726-B80A-82D0A8402228}.Debug|Any CPU.Build.0 = Debug|Any CPU
		{9ABB93D7-D14F-4726-B80A-82D0A8402228}.Release|Any CPU.ActiveCfg = Release|Any CPU
		{9ABB93D7-D14F-4726-B80A-82D0A8402228}.Release|Any CPU.Build.0 = Release|Any CPU
		{2C68FA0C-139F-419F-8A16-AA021CE5D2A0}.Debug|Any CPU.ActiveCfg = Debug|Any CPU
		{2C68FA0C-139F-419F-8A16-AA021CE5D2A0}.Debug|Any CPU.Build.0 = Debug|Any CPU
		{2C68FA0C-139F-419F-8A16-AA021CE5D2A0}.Release|Any CPU.ActiveCfg = Release|Any CPU
		{2C68FA0C-139F-419F-8A16-AA021CE5D2A0}.Release|Any CPU.Build.0 = Release|Any CPU
		{5B7B2D6B-FB11-4B01-BCDF-E50E8BF7AE46}.Debug|Any CPU.ActiveCfg = Debug|Any CPU
		{5B7B2D6B-FB11-4B01-BCDF-E50E8BF7AE46}.Debug|Any CPU.Build.0 = Debug|Any CPU
		{5B7B2D6B-FB11-4B01-BCDF-E50E8BF7AE46}.Release|Any CPU.ActiveCfg = Release|Any CPU
		{5B7B2D6B-FB11-4B01-BCDF-E50E8BF7AE46}.Release|Any CPU.Build.0 = Release|Any CPU
		{BE622C7A-4A81-4577-B7D1-F4CCA717641A}.Debug|Any CPU.ActiveCfg = Debug|Any CPU
		{BE622C7A-4A81-4577-B7D1-F4CCA717641A}.Debug|Any CPU.Build.0 = Debug|Any CPU
		{BE622C7A-4A81-4577-B7D1-F4CCA717641A}.Release|Any CPU.ActiveCfg = Release|Any CPU
		{BE622C7A-4A81-4577-B7D1-F4CCA717641A}.Release|Any CPU.Build.0 = Release|Any CPU
		{52DAD470-0C3E-47AF-A9A1-129700EB2B55}.Debug|Any CPU.ActiveCfg = Debug|Any CPU
		{52DAD470-0C3E-47AF-A9A1-129700EB2B55}.Debug|Any CPU.Build.0 = Debug|Any CPU
		{52DAD470-0C3E-47AF-A9A1-129700EB2B55}.Release|Any CPU.ActiveCfg = Release|Any CPU
		{52DAD470-0C3E-47AF-A9A1-129700EB2B55}.Release|Any CPU.Build.0 = Release|Any CPU
		{FA0102BE-D015-409E-8C86-016413142687}.Debug|Any CPU.ActiveCfg = Debug|Any CPU
		{FA0102BE-D015-409E-8C86-016413142687}.Debug|Any CPU.Build.0 = Debug|Any CPU
		{FA0102BE-D015-409E-8C86-016413142687}.Release|Any CPU.ActiveCfg = Release|Any CPU
		{FA0102BE-D015-409E-8C86-016413142687}.Release|Any CPU.Build.0 = Release|Any CPU
		{D580A9B5-EA68-4ADE-933E-04459AB88F71}.Debug|Any CPU.ActiveCfg = Debug|Any CPU
		{D580A9B5-EA68-4ADE-933E-04459AB88F71}.Debug|Any CPU.Build.0 = Debug|Any CPU
		{D580A9B5-EA68-4ADE-933E-04459AB88F71}.Release|Any CPU.ActiveCfg = Release|Any CPU
		{D580A9B5-EA68-4ADE-933E-04459AB88F71}.Release|Any CPU.Build.0 = Release|Any CPU
		{D1927D8B-4F0A-4692-93EB-9BC1AB056638}.Debug|Any CPU.ActiveCfg = Debug|Any CPU
		{D1927D8B-4F0A-4692-93EB-9BC1AB056638}.Debug|Any CPU.Build.0 = Debug|Any CPU
		{D1927D8B-4F0A-4692-93EB-9BC1AB056638}.Release|Any CPU.ActiveCfg = Release|Any CPU
		{D1927D8B-4F0A-4692-93EB-9BC1AB056638}.Release|Any CPU.Build.0 = Release|Any CPU
		{8C7E5A6B-9F96-4BF7-8F0E-D4FFA0ABA951}.Debug|Any CPU.ActiveCfg = Debug|Any CPU
		{8C7E5A6B-9F96-4BF7-8F0E-D4FFA0ABA951}.Debug|Any CPU.Build.0 = Debug|Any CPU
		{8C7E5A6B-9F96-4BF7-8F0E-D4FFA0ABA951}.Release|Any CPU.ActiveCfg = Release|Any CPU
		{8C7E5A6B-9F96-4BF7-8F0E-D4FFA0ABA951}.Release|Any CPU.Build.0 = Release|Any CPU
		{429F0982-5D0B-452E-8E2C-480D4D67CB3D}.Debug|Any CPU.ActiveCfg = Debug|Any CPU
		{429F0982-5D0B-452E-8E2C-480D4D67CB3D}.Debug|Any CPU.Build.0 = Debug|Any CPU
		{429F0982-5D0B-452E-8E2C-480D4D67CB3D}.Release|Any CPU.ActiveCfg = Release|Any CPU
		{429F0982-5D0B-452E-8E2C-480D4D67CB3D}.Release|Any CPU.Build.0 = Release|Any CPU
		{EE5D2439-C3EE-40FC-8654-288FF579D081}.Debug|Any CPU.ActiveCfg = Debug|Any CPU
		{EE5D2439-C3EE-40FC-8654-288FF579D081}.Debug|Any CPU.Build.0 = Debug|Any CPU
		{EE5D2439-C3EE-40FC-8654-288FF579D081}.Release|Any CPU.ActiveCfg = Release|Any CPU
		{EE5D2439-C3EE-40FC-8654-288FF579D081}.Release|Any CPU.Build.0 = Release|Any CPU
		{F123F4B9-00D3-4818-AFEE-5100A9B6B462}.Debug|Any CPU.ActiveCfg = Debug|Any CPU
		{F123F4B9-00D3-4818-AFEE-5100A9B6B462}.Debug|Any CPU.Build.0 = Debug|Any CPU
		{F123F4B9-00D3-4818-AFEE-5100A9B6B462}.Release|Any CPU.ActiveCfg = Release|Any CPU
		{F123F4B9-00D3-4818-AFEE-5100A9B6B462}.Release|Any CPU.Build.0 = Release|Any CPU
		{E96EB38E-B1DC-4865-8E8F-B9E4EB6924F9}.Debug|Any CPU.ActiveCfg = Debug|Any CPU
		{E96EB38E-B1DC-4865-8E8F-B9E4EB6924F9}.Debug|Any CPU.Build.0 = Debug|Any CPU
		{E96EB38E-B1DC-4865-8E8F-B9E4EB6924F9}.Release|Any CPU.ActiveCfg = Release|Any CPU
		{E96EB38E-B1DC-4865-8E8F-B9E4EB6924F9}.Release|Any CPU.Build.0 = Release|Any CPU
		{25C0A436-9E4C-413A-B126-065B31DCEE40}.Debug|Any CPU.ActiveCfg = Debug|Any CPU
		{25C0A436-9E4C-413A-B126-065B31DCEE40}.Debug|Any CPU.Build.0 = Debug|Any CPU
		{25C0A436-9E4C-413A-B126-065B31DCEE40}.Release|Any CPU.ActiveCfg = Release|Any CPU
		{25C0A436-9E4C-413A-B126-065B31DCEE40}.Release|Any CPU.Build.0 = Release|Any CPU
		{0B722B3A-9AFC-4F72-94D8-3C4599CB62A9}.Debug|Any CPU.ActiveCfg = Debug|Any CPU
		{0B722B3A-9AFC-4F72-94D8-3C4599CB62A9}.Debug|Any CPU.Build.0 = Debug|Any CPU
		{0B722B3A-9AFC-4F72-94D8-3C4599CB62A9}.Release|Any CPU.ActiveCfg = Release|Any CPU
		{0B722B3A-9AFC-4F72-94D8-3C4599CB62A9}.Release|Any CPU.Build.0 = Release|Any CPU
		{E98C4A05-F65D-4025-A371-4D479F602352}.Debug|Any CPU.ActiveCfg = Debug|Any CPU
		{E98C4A05-F65D-4025-A371-4D479F602352}.Debug|Any CPU.Build.0 = Debug|Any CPU
		{E98C4A05-F65D-4025-A371-4D479F602352}.Release|Any CPU.ActiveCfg = Release|Any CPU
		{E98C4A05-F65D-4025-A371-4D479F602352}.Release|Any CPU.Build.0 = Release|Any CPU
		{993513F1-3D88-4CEF-95DA-79E60128CCE1}.Debug|Any CPU.ActiveCfg = Debug|Any CPU
		{993513F1-3D88-4CEF-95DA-79E60128CCE1}.Debug|Any CPU.Build.0 = Debug|Any CPU
		{993513F1-3D88-4CEF-95DA-79E60128CCE1}.Release|Any CPU.ActiveCfg = Release|Any CPU
		{993513F1-3D88-4CEF-95DA-79E60128CCE1}.Release|Any CPU.Build.0 = Release|Any CPU
		{EF533693-F0B1-409A-9E73-5001A285F3B3}.Debug|Any CPU.ActiveCfg = Debug|Any CPU
		{EF533693-F0B1-409A-9E73-5001A285F3B3}.Debug|Any CPU.Build.0 = Debug|Any CPU
		{EF533693-F0B1-409A-9E73-5001A285F3B3}.Release|Any CPU.ActiveCfg = Release|Any CPU
		{EF533693-F0B1-409A-9E73-5001A285F3B3}.Release|Any CPU.Build.0 = Release|Any CPU
	EndGlobalSection
	GlobalSection(SolutionProperties) = preSolution
		HideSolutionNode = FALSE
	EndGlobalSection
	GlobalSection(ExtensibilityGlobals) = postSolution
		SolutionGuid = {3CA9CC1B-4116-458B-98F1-F038879ECDC2}
	EndGlobalSection
EndGlobal
