
Microsoft Visual Studio Solution File, Format Version 12.00
# Visual Studio Version 16
VisualStudioVersion = 16.0.29911.84
MinimumVisualStudioVersion = 10.0.40219.1
Project("{FAE04EC0-301F-11D3-BF4B-00C04F79EFBC}") = "AdicionaRemoveProduto", "Excer\AdicionaRemoveProduto.csproj", "{2D649EEB-8D2D-4B2A-8141-B1E115BC7D87}"
EndProject
Project("{FAE04EC0-301F-11D3-BF4B-00C04F79EFBC}") = "RaioCircunferenciaVolumePI", "RaioCircunferenciaVolumePI\RaioCircunferenciaVolumePI.csproj", "{AD89E09B-3709-46D1-821B-7CC897CE3B15}"
EndProject
Global
	GlobalSection(SolutionConfigurationPlatforms) = preSolution
		Debug|Any CPU = Debug|Any CPU
		Release|Any CPU = Release|Any CPU
	EndGlobalSection
	GlobalSection(ProjectConfigurationPlatforms) = postSolution
		{2D649EEB-8D2D-4B2A-8141-B1E115BC7D87}.Debug|Any CPU.ActiveCfg = Debug|Any CPU
		{2D649EEB-8D2D-4B2A-8141-B1E115BC7D87}.Debug|Any CPU.Build.0 = Debug|Any CPU
		{2D649EEB-8D2D-4B2A-8141-B1E115BC7D87}.Release|Any CPU.ActiveCfg = Release|Any CPU
		{2D649EEB-8D2D-4B2A-8141-B1E115BC7D87}.Release|Any CPU.Build.0 = Release|Any CPU
		{AD89E09B-3709-46D1-821B-7CC897CE3B15}.Debug|Any CPU.ActiveCfg = Debug|Any CPU
		{AD89E09B-3709-46D1-821B-7CC897CE3B15}.Debug|Any CPU.Build.0 = Debug|Any CPU
		{AD89E09B-3709-46D1-821B-7CC897CE3B15}.Release|Any CPU.ActiveCfg = Release|Any CPU
		{AD89E09B-3709-46D1-821B-7CC897CE3B15}.Release|Any CPU.Build.0 = Release|Any CPU
	EndGlobalSection
	GlobalSection(SolutionProperties) = preSolution
		HideSolutionNode = FALSE
	EndGlobalSection
	GlobalSection(ExtensibilityGlobals) = postSolution
		SolutionGuid = {3CA9CC1B-4116-458B-98F1-F038879ECDC2}
	EndGlobalSection
EndGlobal
